// !$*UTF8*$!
{
	archiveVersion = 1;
	classes = {
	};
	objectVersion = 56;
	objects = {

/* Begin PBXBuildFile section */
		7FB811882A0BC4BC00FABDE0 /* AppDelegate.swift in Sources */ = {isa = PBXBuildFile; fileRef = 7FB811872A0BC4BC00FABDE0 /* AppDelegate.swift */; };
		7FB8118A2A0BC4BC00FABDE0 /* SceneDelegate.swift in Sources */ = {isa = PBXBuildFile; fileRef = 7FB811892A0BC4BC00FABDE0 /* SceneDelegate.swift */; };
		7FB8118C2A0BC4BC00FABDE0 /* RMTabViewController.swift in Sources */ = {isa = PBXBuildFile; fileRef = 7FB8118B2A0BC4BC00FABDE0 /* RMTabViewController.swift */; };
		7FB811912A0BC4BE00FABDE0 /* Assets.xcassets in Resources */ = {isa = PBXBuildFile; fileRef = 7FB811902A0BC4BE00FABDE0 /* Assets.xcassets */; };
		7FB811942A0BC4BE00FABDE0 /* LaunchScreen.storyboard in Resources */ = {isa = PBXBuildFile; fileRef = 7FB811922A0BC4BE00FABDE0 /* LaunchScreen.storyboard */; };
		7FB811A22A0BC71800FABDE0 /* RMLocation.swift in Sources */ = {isa = PBXBuildFile; fileRef = 7FB811A12A0BC71800FABDE0 /* RMLocation.swift */; };
		7FB811A42A0BC72A00FABDE0 /* RMCharacter.swift in Sources */ = {isa = PBXBuildFile; fileRef = 7FB811A32A0BC72A00FABDE0 /* RMCharacter.swift */; };
		7FB811A62A0BC73900FABDE0 /* RMEpisode.swift in Sources */ = {isa = PBXBuildFile; fileRef = 7FB811A52A0BC73900FABDE0 /* RMEpisode.swift */; };
		7FB811A92A0BC7DC00FABDE0 /* RMCharacterViewController.swift in Sources */ = {isa = PBXBuildFile; fileRef = 7FB811A82A0BC7DC00FABDE0 /* RMCharacterViewController.swift */; };
		7FB811AB2A0BC7EF00FABDE0 /* RMLocationViewController.swift in Sources */ = {isa = PBXBuildFile; fileRef = 7FB811AA2A0BC7EF00FABDE0 /* RMLocationViewController.swift */; };
		7FB811AD2A0BC7FD00FABDE0 /* RMepisodeViewController.swift in Sources */ = {isa = PBXBuildFile; fileRef = 7FB811AC2A0BC7FD00FABDE0 /* RMepisodeViewController.swift */; };
		7FB811AF2A0BC80900FABDE0 /* RMSettingsViewController.swift in Sources */ = {isa = PBXBuildFile; fileRef = 7FB811AE2A0BC80900FABDE0 /* RMSettingsViewController.swift */; };
		7FB811B12A0BDDE500FABDE0 /* RMService.swift in Sources */ = {isa = PBXBuildFile; fileRef = 7FB811B02A0BDDE500FABDE0 /* RMService.swift */; };
		7FB811B32A0BFC5100FABDE0 /* RMRequest.swift in Sources */ = {isa = PBXBuildFile; fileRef = 7FB811B22A0BFC5100FABDE0 /* RMRequest.swift */; };
		7FB811B52A0BFCE800FABDE0 /* RMEndpoint.swift in Sources */ = {isa = PBXBuildFile; fileRef = 7FB811B42A0BFCE800FABDE0 /* RMEndpoint.swift */; };
		7FB811B72A0C041100FABDE0 /* RMOrigin.swift in Sources */ = {isa = PBXBuildFile; fileRef = 7FB811B62A0C041100FABDE0 /* RMOrigin.swift */; };
		7FB811B92A0C046000FABDE0 /* RMSingleLocation.swift in Sources */ = {isa = PBXBuildFile; fileRef = 7FB811B82A0C046000FABDE0 /* RMSingleLocation.swift */; };
		7FB811BB2A0C05FA00FABDE0 /* RMCharacterStatus.swift in Sources */ = {isa = PBXBuildFile; fileRef = 7FB811BA2A0C05FA00FABDE0 /* RMCharacterStatus.swift */; };
		7FB811BD2A0C061E00FABDE0 /* RMCharacterGender.swift in Sources */ = {isa = PBXBuildFile; fileRef = 7FB811BC2A0C061E00FABDE0 /* RMCharacterGender.swift */; };
/* End PBXBuildFile section */

/* Begin PBXFileReference section */
		7FB811842A0BC4BC00FABDE0 /* Rick And Morty App.app */ = {isa = PBXFileReference; explicitFileType = wrapper.application; includeInIndex = 0; path = "Rick And Morty App.app"; sourceTree = BUILT_PRODUCTS_DIR; };
		7FB811872A0BC4BC00FABDE0 /* AppDelegate.swift */ = {isa = PBXFileReference; lastKnownFileType = sourcecode.swift; path = AppDelegate.swift; sourceTree = "<group>"; };
		7FB811892A0BC4BC00FABDE0 /* SceneDelegate.swift */ = {isa = PBXFileReference; lastKnownFileType = sourcecode.swift; path = SceneDelegate.swift; sourceTree = "<group>"; };
		7FB8118B2A0BC4BC00FABDE0 /* RMTabViewController.swift */ = {isa = PBXFileReference; lastKnownFileType = sourcecode.swift; path = RMTabViewController.swift; sourceTree = "<group>"; };
		7FB811902A0BC4BE00FABDE0 /* Assets.xcassets */ = {isa = PBXFileReference; lastKnownFileType = folder.assetcatalog; path = Assets.xcassets; sourceTree = "<group>"; };
		7FB811932A0BC4BE00FABDE0 /* Base */ = {isa = PBXFileReference; lastKnownFileType = file.storyboard; name = Base; path = Base.lproj/LaunchScreen.storyboard; sourceTree = "<group>"; };
		7FB811952A0BC4BE00FABDE0 /* Info.plist */ = {isa = PBXFileReference; lastKnownFileType = text.plist.xml; path = Info.plist; sourceTree = "<group>"; };
		7FB811A12A0BC71800FABDE0 /* RMLocation.swift */ = {isa = PBXFileReference; lastKnownFileType = sourcecode.swift; path = RMLocation.swift; sourceTree = "<group>"; };
		7FB811A32A0BC72A00FABDE0 /* RMCharacter.swift */ = {isa = PBXFileReference; lastKnownFileType = sourcecode.swift; path = RMCharacter.swift; sourceTree = "<group>"; };
		7FB811A52A0BC73900FABDE0 /* RMEpisode.swift */ = {isa = PBXFileReference; lastKnownFileType = sourcecode.swift; path = RMEpisode.swift; sourceTree = "<group>"; };
		7FB811A82A0BC7DC00FABDE0 /* RMCharacterViewController.swift */ = {isa = PBXFileReference; lastKnownFileType = sourcecode.swift; path = RMCharacterViewController.swift; sourceTree = "<group>"; };
		7FB811AA2A0BC7EF00FABDE0 /* RMLocationViewController.swift */ = {isa = PBXFileReference; lastKnownFileType = sourcecode.swift; path = RMLocationViewController.swift; sourceTree = "<group>"; };
		7FB811AC2A0BC7FD00FABDE0 /* RMepisodeViewController.swift */ = {isa = PBXFileReference; lastKnownFileType = sourcecode.swift; path = RMepisodeViewController.swift; sourceTree = "<group>"; };
		7FB811AE2A0BC80900FABDE0 /* RMSettingsViewController.swift */ = {isa = PBXFileReference; lastKnownFileType = sourcecode.swift; path = RMSettingsViewController.swift; sourceTree = "<group>"; };
		7FB811B02A0BDDE500FABDE0 /* RMService.swift */ = {isa = PBXFileReference; lastKnownFileType = sourcecode.swift; path = RMService.swift; sourceTree = "<group>"; };
		7FB811B22A0BFC5100FABDE0 /* RMRequest.swift */ = {isa = PBXFileReference; lastKnownFileType = sourcecode.swift; path = RMRequest.swift; sourceTree = "<group>"; };
		7FB811B42A0BFCE800FABDE0 /* RMEndpoint.swift */ = {isa = PBXFileReference; lastKnownFileType = sourcecode.swift; path = RMEndpoint.swift; sourceTree = "<group>"; };
		7FB811B62A0C041100FABDE0 /* RMOrigin.swift */ = {isa = PBXFileReference; lastKnownFileType = sourcecode.swift; path = RMOrigin.swift; sourceTree = "<group>"; };
		7FB811B82A0C046000FABDE0 /* RMSingleLocation.swift */ = {isa = PBXFileReference; lastKnownFileType = sourcecode.swift; path = RMSingleLocation.swift; sourceTree = "<group>"; };
		7FB811BA2A0C05FA00FABDE0 /* RMCharacterStatus.swift */ = {isa = PBXFileReference; lastKnownFileType = sourcecode.swift; path = RMCharacterStatus.swift; sourceTree = "<group>"; };
		7FB811BC2A0C061E00FABDE0 /* RMCharacterGender.swift */ = {isa = PBXFileReference; lastKnownFileType = sourcecode.swift; path = RMCharacterGender.swift; sourceTree = "<group>"; };
/* End PBXFileReference section */

/* Begin PBXFrameworksBuildPhase section */
		7FB811812A0BC4BC00FABDE0 /* Frameworks */ = {
			isa = PBXFrameworksBuildPhase;
			buildActionMask = 2147483647;
			files = (
			);
			runOnlyForDeploymentPostprocessing = 0;
		};
/* End PBXFrameworksBuildPhase section */

/* Begin PBXGroup section */
		7FB8117B2A0BC4BC00FABDE0 = {
			isa = PBXGroup;
			children = (
				7FB811862A0BC4BC00FABDE0 /* Rick And Morty App */,
				7FB811852A0BC4BC00FABDE0 /* Products */,
			);
			sourceTree = "<group>";
		};
		7FB811852A0BC4BC00FABDE0 /* Products */ = {
			isa = PBXGroup;
			children = (
				7FB811842A0BC4BC00FABDE0 /* Rick And Morty App.app */,
			);
			name = Products;
			sourceTree = "<group>";
		};
		7FB811862A0BC4BC00FABDE0 /* Rick And Morty App */ = {
			isa = PBXGroup;
			children = (
				7FB811A02A0BC6A300FABDE0 /* Resources */,
				7FB8119F2A0BC69900FABDE0 /* APIClient */,
				7FB8119E2A0BC68F00FABDE0 /* ViewModel */,
				7FB8119D2A0BC68800FABDE0 /* View */,
				7FB8119C2A0BC67D00FABDE0 /* Controlller */,
				7FB8119B2A0BC67600FABDE0 /* Model */,
				7FB811952A0BC4BE00FABDE0 /* Info.plist */,
			);
			path = "Rick And Morty App";
			sourceTree = "<group>";
		};
		7FB8119B2A0BC67600FABDE0 /* Model */ = {
			isa = PBXGroup;
			children = (
				7FB811A12A0BC71800FABDE0 /* RMLocation.swift */,
				7FB811A32A0BC72A00FABDE0 /* RMCharacter.swift */,
				7FB811A52A0BC73900FABDE0 /* RMEpisode.swift */,
				7FB811B62A0C041100FABDE0 /* RMOrigin.swift */,
				7FB811B82A0C046000FABDE0 /* RMSingleLocation.swift */,
				7FB811BA2A0C05FA00FABDE0 /* RMCharacterStatus.swift */,
				7FB811BC2A0C061E00FABDE0 /* RMCharacterGender.swift */,
			);
			path = Model;
			sourceTree = "<group>";
		};
		7FB8119C2A0BC67D00FABDE0 /* Controlller */ = {
			isa = PBXGroup;
			children = (
				7FB811A72A0BC7A400FABDE0 /* Core */,
			);
			path = Controlller;
			sourceTree = "<group>";
		};
		7FB8119D2A0BC68800FABDE0 /* View */ = {
			isa = PBXGroup;
			children = (
			);
			path = View;
			sourceTree = "<group>";
		};
		7FB8119E2A0BC68F00FABDE0 /* ViewModel */ = {
			isa = PBXGroup;
			children = (
			);
			path = ViewModel;
			sourceTree = "<group>";
		};
		7FB8119F2A0BC69900FABDE0 /* APIClient */ = {
			isa = PBXGroup;
			children = (
				7FB811B02A0BDDE500FABDE0 /* RMService.swift */,
				7FB811B22A0BFC5100FABDE0 /* RMRequest.swift */,
				7FB811B42A0BFCE800FABDE0 /* RMEndpoint.swift */,
			);
			path = APIClient;
			sourceTree = "<group>";
		};
		7FB811A02A0BC6A300FABDE0 /* Resources */ = {
			isa = PBXGroup;
			children = (
				7FB811902A0BC4BE00FABDE0 /* Assets.xcassets */,
				7FB811922A0BC4BE00FABDE0 /* LaunchScreen.storyboard */,
				7FB811872A0BC4BC00FABDE0 /* AppDelegate.swift */,
				7FB811892A0BC4BC00FABDE0 /* SceneDelegate.swift */,
			);
			path = Resources;
			sourceTree = "<group>";
		};
		7FB811A72A0BC7A400FABDE0 /* Core */ = {
			isa = PBXGroup;
			children = (
				7FB8118B2A0BC4BC00FABDE0 /* RMTabViewController.swift */,
				7FB811A82A0BC7DC00FABDE0 /* RMCharacterViewController.swift */,
				7FB811AA2A0BC7EF00FABDE0 /* RMLocationViewController.swift */,
				7FB811AC2A0BC7FD00FABDE0 /* RMepisodeViewController.swift */,
				7FB811AE2A0BC80900FABDE0 /* RMSettingsViewController.swift */,
			);
			path = Core;
			sourceTree = "<group>";
		};
/* End PBXGroup section */

/* Begin PBXNativeTarget section */
		7FB811832A0BC4BC00FABDE0 /* Rick And Morty App */ = {
			isa = PBXNativeTarget;
			buildConfigurationList = 7FB811982A0BC4BE00FABDE0 /* Build configuration list for PBXNativeTarget "Rick And Morty App" */;
			buildPhases = (
				7FB811802A0BC4BC00FABDE0 /* Sources */,
				7FB811812A0BC4BC00FABDE0 /* Frameworks */,
				7FB811822A0BC4BC00FABDE0 /* Resources */,
			);
			buildRules = (
			);
			dependencies = (
			);
			name = "Rick And Morty App";
			productName = "Rick And Morty App";
			productReference = 7FB811842A0BC4BC00FABDE0 /* Rick And Morty App.app */;
			productType = "com.apple.product-type.application";
		};
/* End PBXNativeTarget section */

/* Begin PBXProject section */
		7FB8117C2A0BC4BC00FABDE0 /* Project object */ = {
			isa = PBXProject;
			attributes = {
				BuildIndependentTargetsInParallel = 1;
				LastSwiftUpdateCheck = 1420;
				LastUpgradeCheck = 1420;
				TargetAttributes = {
					7FB811832A0BC4BC00FABDE0 = {
						CreatedOnToolsVersion = 14.2;
					};
				};
			};
			buildConfigurationList = 7FB8117F2A0BC4BC00FABDE0 /* Build configuration list for PBXProject "Rick And Morty App" */;
			compatibilityVersion = "Xcode 14.0";
			developmentRegion = en;
			hasScannedForEncodings = 0;
			knownRegions = (
				en,
				Base,
			);
			mainGroup = 7FB8117B2A0BC4BC00FABDE0;
			productRefGroup = 7FB811852A0BC4BC00FABDE0 /* Products */;
			projectDirPath = "";
			projectRoot = "";
			targets = (
				7FB811832A0BC4BC00FABDE0 /* Rick And Morty App */,
			);
		};
/* End PBXProject section */

/* Begin PBXResourcesBuildPhase section */
		7FB811822A0BC4BC00FABDE0 /* Resources */ = {
			isa = PBXResourcesBuildPhase;
			buildActionMask = 2147483647;
			files = (
				7FB811942A0BC4BE00FABDE0 /* LaunchScreen.storyboard in Resources */,
				7FB811912A0BC4BE00FABDE0 /* Assets.xcassets in Resources */,
			);
			runOnlyForDeploymentPostprocessing = 0;
		};
/* End PBXResourcesBuildPhase section */

/* Begin PBXSourcesBuildPhase section */
		7FB811802A0BC4BC00FABDE0 /* Sources */ = {
			isa = PBXSourcesBuildPhase;
			buildActionMask = 2147483647;
			files = (
				7FB811B72A0C041100FABDE0 /* RMOrigin.swift in Sources */,
				7FB811B92A0C046000FABDE0 /* RMSingleLocation.swift in Sources */,
				7FB811BB2A0C05FA00FABDE0 /* RMCharacterStatus.swift in Sources */,
				7FB811BD2A0C061E00FABDE0 /* RMCharacterGender.swift in Sources */,
				7FB811AB2A0BC7EF00FABDE0 /* RMLocationViewController.swift in Sources */,
				7FB811A62A0BC73900FABDE0 /* RMEpisode.swift in Sources */,
				7FB8118C2A0BC4BC00FABDE0 /* RMTabViewController.swift in Sources */,
				7FB811AD2A0BC7FD00FABDE0 /* RMepisodeViewController.swift in Sources */,
				7FB811882A0BC4BC00FABDE0 /* AppDelegate.swift in Sources */,
				7FB8118A2A0BC4BC00FABDE0 /* SceneDelegate.swift in Sources */,
				7FB811AF2A0BC80900FABDE0 /* RMSettingsViewController.swift in Sources */,
				7FB811B12A0BDDE500FABDE0 /* RMService.swift in Sources */,
				7FB811A22A0BC71800FABDE0 /* RMLocation.swift in Sources */,
				7FB811B52A0BFCE800FABDE0 /* RMEndpoint.swift in Sources */,
				7FB811A42A0BC72A00FABDE0 /* RMCharacter.swift in Sources */,
				7FB811B32A0BFC5100FABDE0 /* RMRequest.swift in Sources */,
				7FB811A92A0BC7DC00FABDE0 /* RMCharacterViewController.swift in Sources */,
			);
			runOnlyForDeploymentPostprocessing = 0;
		};
/* End PBXSourcesBuildPhase section */

/* Begin PBXVariantGroup section */
		7FB811922A0BC4BE00FABDE0 /* LaunchScreen.storyboard */ = {
			isa = PBXVariantGroup;
			children = (
				7FB811932A0BC4BE00FABDE0 /* Base */,
			);
			name = LaunchScreen.storyboard;
			sourceTree = "<group>";
		};
/* End PBXVariantGroup section */

/* Begin XCBuildConfiguration section */
		7FB811962A0BC4BE00FABDE0 /* Debug */ = {
			isa = XCBuildConfiguration;
			buildSettings = {
				ALWAYS_SEARCH_USER_PATHS = NO;
				CLANG_ANALYZER_NONNULL = YES;
				CLANG_ANALYZER_NUMBER_OBJECT_CONVERSION = YES_AGGRESSIVE;
				CLANG_CXX_LANGUAGE_STANDARD = "gnu++20";
				CLANG_ENABLE_MODULES = YES;
				CLANG_ENABLE_OBJC_ARC = YES;
				CLANG_ENABLE_OBJC_WEAK = YES;
				CLANG_WARN_BLOCK_CAPTURE_AUTORELEASING = YES;
				CLANG_WARN_BOOL_CONVERSION = YES;
				CLANG_WARN_COMMA = YES;
				CLANG_WARN_CONSTANT_CONVERSION = YES;
				CLANG_WARN_DEPRECATED_OBJC_IMPLEMENTATIONS = YES;
				CLANG_WARN_DIRECT_OBJC_ISA_USAGE = YES_ERROR;
				CLANG_WARN_DOCUMENTATION_COMMENTS = YES;
				CLANG_WARN_EMPTY_BODY = YES;
				CLANG_WARN_ENUM_CONVERSION = YES;
				CLANG_WARN_INFINITE_RECURSION = YES;
				CLANG_WARN_INT_CONVERSION = YES;
				CLANG_WARN_NON_LITERAL_NULL_CONVERSION = YES;
				CLANG_WARN_OBJC_IMPLICIT_RETAIN_SELF = YES;
				CLANG_WARN_OBJC_LITERAL_CONVERSION = YES;
				CLANG_WARN_OBJC_ROOT_CLASS = YES_ERROR;
				CLANG_WARN_QUOTED_INCLUDE_IN_FRAMEWORK_HEADER = YES;
				CLANG_WARN_RANGE_LOOP_ANALYSIS = YES;
				CLANG_WARN_STRICT_PROTOTYPES = YES;
				CLANG_WARN_SUSPICIOUS_MOVE = YES;
				CLANG_WARN_UNGUARDED_AVAILABILITY = YES_AGGRESSIVE;
				CLANG_WARN_UNREACHABLE_CODE = YES;
				CLANG_WARN__DUPLICATE_METHOD_MATCH = YES;
				COPY_PHASE_STRIP = NO;
				DEBUG_INFORMATION_FORMAT = dwarf;
				ENABLE_STRICT_OBJC_MSGSEND = YES;
				ENABLE_TESTABILITY = YES;
				GCC_C_LANGUAGE_STANDARD = gnu11;
				GCC_DYNAMIC_NO_PIC = NO;
				GCC_NO_COMMON_BLOCKS = YES;
				GCC_OPTIMIZATION_LEVEL = 0;
				GCC_PREPROCESSOR_DEFINITIONS = (
					"DEBUG=1",
					"$(inherited)",
				);
				GCC_WARN_64_TO_32_BIT_CONVERSION = YES;
				GCC_WARN_ABOUT_RETURN_TYPE = YES_ERROR;
				GCC_WARN_UNDECLARED_SELECTOR = YES;
				GCC_WARN_UNINITIALIZED_AUTOS = YES_AGGRESSIVE;
				GCC_WARN_UNUSED_FUNCTION = YES;
				GCC_WARN_UNUSED_VARIABLE = YES;
				IPHONEOS_DEPLOYMENT_TARGET = 16.2;
				MTL_ENABLE_DEBUG_INFO = INCLUDE_SOURCE;
				MTL_FAST_MATH = YES;
				ONLY_ACTIVE_ARCH = YES;
				SDKROOT = iphoneos;
				SWIFT_ACTIVE_COMPILATION_CONDITIONS = DEBUG;
				SWIFT_OPTIMIZATION_LEVEL = "-Onone";
			};
			name = Debug;
		};
		7FB811972A0BC4BE00FABDE0 /* Release */ = {
			isa = XCBuildConfiguration;
			buildSettings = {
				ALWAYS_SEARCH_USER_PATHS = NO;
				CLANG_ANALYZER_NONNULL = YES;
				CLANG_ANALYZER_NUMBER_OBJECT_CONVERSION = YES_AGGRESSIVE;
				CLANG_CXX_LANGUAGE_STANDARD = "gnu++20";
				CLANG_ENABLE_MODULES = YES;
				CLANG_ENABLE_OBJC_ARC = YES;
				CLANG_ENABLE_OBJC_WEAK = YES;
				CLANG_WARN_BLOCK_CAPTURE_AUTORELEASING = YES;
				CLANG_WARN_BOOL_CONVERSION = YES;
				CLANG_WARN_COMMA = YES;
				CLANG_WARN_CONSTANT_CONVERSION = YES;
				CLANG_WARN_DEPRECATED_OBJC_IMPLEMENTATIONS = YES;
				CLANG_WARN_DIRECT_OBJC_ISA_USAGE = YES_ERROR;
				CLANG_WARN_DOCUMENTATION_COMMENTS = YES;
				CLANG_WARN_EMPTY_BODY = YES;
				CLANG_WARN_ENUM_CONVERSION = YES;
				CLANG_WARN_INFINITE_RECURSION = YES;
				CLANG_WARN_INT_CONVERSION = YES;
				CLANG_WARN_NON_LITERAL_NULL_CONVERSION = YES;
				CLANG_WARN_OBJC_IMPLICIT_RETAIN_SELF = YES;
				CLANG_WARN_OBJC_LITERAL_CONVERSION = YES;
				CLANG_WARN_OBJC_ROOT_CLASS = YES_ERROR;
				CLANG_WARN_QUOTED_INCLUDE_IN_FRAMEWORK_HEADER = YES;
				CLANG_WARN_RANGE_LOOP_ANALYSIS = YES;
				CLANG_WARN_STRICT_PROTOTYPES = YES;
				CLANG_WARN_SUSPICIOUS_MOVE = YES;
				CLANG_WARN_UNGUARDED_AVAILABILITY = YES_AGGRESSIVE;
				CLANG_WARN_UNREACHABLE_CODE = YES;
				CLANG_WARN__DUPLICATE_METHOD_MATCH = YES;
				COPY_PHASE_STRIP = NO;
				DEBUG_INFORMATION_FORMAT = "dwarf-with-dsym";
				ENABLE_NS_ASSERTIONS = NO;
				ENABLE_STRICT_OBJC_MSGSEND = YES;
				GCC_C_LANGUAGE_STANDARD = gnu11;
				GCC_NO_COMMON_BLOCKS = YES;
				GCC_WARN_64_TO_32_BIT_CONVERSION = YES;
				GCC_WARN_ABOUT_RETURN_TYPE = YES_ERROR;
				GCC_WARN_UNDECLARED_SELECTOR = YES;
				GCC_WARN_UNINITIALIZED_AUTOS = YES_AGGRESSIVE;
				GCC_WARN_UNUSED_FUNCTION = YES;
				GCC_WARN_UNUSED_VARIABLE = YES;
				IPHONEOS_DEPLOYMENT_TARGET = 16.2;
				MTL_ENABLE_DEBUG_INFO = NO;
				MTL_FAST_MATH = YES;
				SDKROOT = iphoneos;
				SWIFT_COMPILATION_MODE = wholemodule;
				SWIFT_OPTIMIZATION_LEVEL = "-O";
				VALIDATE_PRODUCT = YES;
			};
			name = Release;
		};
		7FB811992A0BC4BE00FABDE0 /* Debug */ = {
			isa = XCBuildConfiguration;
			buildSettings = {
				ASSETCATALOG_COMPILER_APPICON_NAME = AppIcon;
				ASSETCATALOG_COMPILER_GLOBAL_ACCENT_COLOR_NAME = AccentColor;
				CODE_SIGN_STYLE = Automatic;
				CURRENT_PROJECT_VERSION = 1;
				DEVELOPMENT_TEAM = 3753BCYQD8;
				GENERATE_INFOPLIST_FILE = YES;
				INFOPLIST_FILE = "Rick And Morty App/Info.plist";
				INFOPLIST_KEY_UIApplicationSupportsIndirectInputEvents = YES;
				INFOPLIST_KEY_UILaunchStoryboardName = LaunchScreen;
				INFOPLIST_KEY_UISupportedInterfaceOrientations_iPad = "UIInterfaceOrientationPortrait UIInterfaceOrientationPortraitUpsideDown UIInterfaceOrientationLandscapeLeft UIInterfaceOrientationLandscapeRight";
				INFOPLIST_KEY_UISupportedInterfaceOrientations_iPhone = "UIInterfaceOrientationPortrait UIInterfaceOrientationLandscapeLeft UIInterfaceOrientationLandscapeRight";
				LD_RUNPATH_SEARCH_PATHS = (
					"$(inherited)",
					"@executable_path/Frameworks",
				);
				MARKETING_VERSION = 1.0;
				PRODUCT_BUNDLE_IDENTIFIER = "felipebdev.Rick-And-Morty-App";
				PRODUCT_NAME = "$(TARGET_NAME)";
				SWIFT_EMIT_LOC_STRINGS = YES;
				SWIFT_VERSION = 5.0;
				TARGETED_DEVICE_FAMILY = "1,2";
			};
			name = Debug;
		};
		7FB8119A2A0BC4BE00FABDE0 /* Release */ = {
			isa = XCBuildConfiguration;
			buildSettings = {
				ASSETCATALOG_COMPILER_APPICON_NAME = AppIcon;
				ASSETCATALOG_COMPILER_GLOBAL_ACCENT_COLOR_NAME = AccentColor;
				CODE_SIGN_STYLE = Automatic;
				CURRENT_PROJECT_VERSION = 1;
				DEVELOPMENT_TEAM = 3753BCYQD8;
				GENERATE_INFOPLIST_FILE = YES;
				INFOPLIST_FILE = "Rick And Morty App/Info.plist";
				INFOPLIST_KEY_UIApplicationSupportsIndirectInputEvents = YES;
				INFOPLIST_KEY_UILaunchStoryboardName = LaunchScreen;
				INFOPLIST_KEY_UISupportedInterfaceOrientations_iPad = "UIInterfaceOrientationPortrait UIInterfaceOrientationPortraitUpsideDown UIInterfaceOrientationLandscapeLeft UIInterfaceOrientationLandscapeRight";
				INFOPLIST_KEY_UISupportedInterfaceOrientations_iPhone = "UIInterfaceOrientationPortrait UIInterfaceOrientationLandscapeLeft UIInterfaceOrientationLandscapeRight";
				LD_RUNPATH_SEARCH_PATHS = (
					"$(inherited)",
					"@executable_path/Frameworks",
				);
				MARKETING_VERSION = 1.0;
				PRODUCT_BUNDLE_IDENTIFIER = "felipebdev.Rick-And-Morty-App";
				PRODUCT_NAME = "$(TARGET_NAME)";
				SWIFT_EMIT_LOC_STRINGS = YES;
				SWIFT_VERSION = 5.0;
				TARGETED_DEVICE_FAMILY = "1,2";
			};
			name = Release;
		};
/* End XCBuildConfiguration section */

/* Begin XCConfigurationList section */
		7FB8117F2A0BC4BC00FABDE0 /* Build configuration list for PBXProject "Rick And Morty App" */ = {
			isa = XCConfigurationList;
			buildConfigurations = (
				7FB811962A0BC4BE00FABDE0 /* Debug */,
				7FB811972A0BC4BE00FABDE0 /* Release */,
			);
			defaultConfigurationIsVisible = 0;
			defaultConfigurationName = Release;
		};
		7FB811982A0BC4BE00FABDE0 /* Build configuration list for PBXNativeTarget "Rick And Morty App" */ = {
			isa = XCConfigurationList;
			buildConfigurations = (
				7FB811992A0BC4BE00FABDE0 /* Debug */,
				7FB8119A2A0BC4BE00FABDE0 /* Release */,
			);
			defaultConfigurationIsVisible = 0;
			defaultConfigurationName = Release;
		};
/* End XCConfigurationList section */
	};
	rootObject = 7FB8117C2A0BC4BC00FABDE0 /* Project object */;
}
